
Microsoft Visual Studio Solution File, Format Version 12.00
# Visual Studio Version 16
VisualStudioVersion = 16.0.29424.173
MinimumVisualStudioVersion = 10.0.40219.1
Project("{FAE04EC0-301F-11D3-BF4B-00C04F79EFBC}") = "vr_db_interaction", "vr_db_interaction.csproj", "{1A14A2C3-3DEE-4361-A4F6-B29601459B2A}"
EndProject
Global
	GlobalSection(SolutionConfigurationPlatforms) = preSolution
		Debug|Any CPU = Debug|Any CPU
		Release|Any CPU = Release|Any CPU
	EndGlobalSection
	GlobalSection(ProjectConfigurationPlatforms) = postSolution
		{1A14A2C3-3DEE-4361-A4F6-B29601459B2A}.Debug|Any CPU.ActiveCfg = Debug|Any CPU
		{1A14A2C3-3DEE-4361-A4F6-B29601459B2A}.Debug|Any CPU.Build.0 = Debug|Any CPU
		{1A14A2C3-3DEE-4361-A4F6-B29601459B2A}.Release|Any CPU.ActiveCfg = Release|Any CPU
		{1A14A2C3-3DEE-4361-A4F6-B29601459B2A}.Release|Any CPU.Build.0 = Release|Any CPU
	EndGlobalSection
	GlobalSection(SolutionProperties) = preSolution
		HideSolutionNode = FALSE
	EndGlobalSection
	GlobalSection(ExtensibilityGlobals) = postSolution
		SolutionGuid = {7C1EF371-1CD0-4B78-B7D3-D07305AF8C98}
	EndGlobalSection
EndGlobal
